github.com/dgrijalva/jwt-go v3.2.0+incompatible h1:7qlOGliEKZXTDg6OTjfoBKDXWrumCAMpl/TFQ4/5kLM=
github.com/dgrijalva/jwt-go v3.2.0+incompatible/go.mod h1:E3ru+11k8xSBh+hMPgOLZmtrrCbhqsmaPHjLKYnJCaQ=
github.com/golang/protobuf v1.3.1 h1:YF8+flBXS5eO826T4nzqPrxfhQThhXl0YzfuUPu4SBg=
github.com/golang/protobuf v1.3.1/go.mod h1:6lQm79b+lXiMfvg/cZm0SGofjICqVBUtrP5yJMmIC1U=
github.com/pepeunlimited/microservice-kit v0.0.0-20191210170159-5cadda36c9a8 h1:T8U7hpS02+SOPDmUEzablGoevxHKKAcJ9mKDGxrzcx4=
github.com/pepeunlimited/microservice-kit v0.0.0-20191210170159-5cadda36c9a8/go.mod h1:40wd+99+zSd3O9hZFhhwzJXYhWpTTmfAofTTiXX6DCg=
github.com/pepeunlimited/microservice-kit v0.0.0-20191211211811-67c75935001f h1:oXGHEl3vzRH8G3mVClj4J+YHzRxaZ378iq+CusgeiQI=
github.com/pepeunlimited/microservice-kit v0.0.0-20191211211811-67c75935001f/go.mod h1:5kwxFdEY5MxV1nfivUGVpCj/5+hhbuCLZ9psWswm3Zo=
github.com/pepeunlimited/microservice-kit v0.0.0-20191212102325-e83f82f36d67 h1:botFtZhSBFTO/KmUkNjDu1YnQSy9xUCO3RtVLhSAr8I=
github.com/pepeunlimited/microservice-kit v0.0.0-20191212102325-e83f82f36d67/go.mod h1:5kwxFdEY5MxV1nfivUGVpCj/5+hhbuCLZ9psWswm3Zo=
github.com/pepeunlimited/microservice-kit v0.0.0-20191212115138-82c905a5459c h1:XzDwbMCG+LPfSSmVpGbXDdljyOgok6mOk0c2N7DKFrc=
github.com/pepeunlimited/microservice-kit v0.0.0-20191212115138-82c905a5459c/go.mod h1:5kwxFdEY5MxV1nfivUGVpCj/5+hhbuCLZ9psWswm3Zo=
github.com/pepeunlimited/microservice-kit v0.0.0-20191212115816-61fb4e12143c h1:UNmlZnxSEPYevoKqufnYRMrU84MhxxW81rkFTGi+gl8=
github.com/pepeunlimited/microservice-kit v0.0.0-20191212115816-61fb4e12143c/go.mod h1:5kwxFdEY5MxV1nfivUGVpCj/5+hhbuCLZ9psWswm3Zo=
github.com/pepeunlimited/microservice-kit v0.0.0-20191212120546-6745e54eac4b h1:J9zEZ/tyy80LtDqNohEA0CtHZzeJgrecGTpFT6fIiuE=
github.com/pepeunlimited/microservice-kit v0.0.0-20191212120546-6745e54eac4b/go.mod h1:5kwxFdEY5MxV1nfivUGVpCj/5+hhbuCLZ9psWswm3Zo=
github.com/pepeunlimited/microservice-kit v0.0.0-20191212145346-26a668b23694 h1:MIF+jdjPGGbJ0LR2v8XMtzhbX+rJiSo4r3RFcUBG/C8=
github.com/pepeunlimited/microservice-kit v0.0.0-20191212145346-26a668b23694/go.mod h1:5kwxFdEY5MxV1nfivUGVpCj/5+hhbuCLZ9psWswm3Zo=
github.com/pepeunlimited/microservice-kit v0.0.0-20191212145542-853208a57512 h1:VB/NKnfsB7e3IY+Lz432/L55secXyr+ynboiY152QxQ=
github.com/pepeunlimited/microservice-kit v0.0.0-20191212145542-853208a57512/go.mod h1:5kwxFdEY5MxV1nfivUGVpCj/5+hhbuCLZ9psWswm3Zo=
github.com/pepeunlimited/microservice-kit v0.0.0-20191212151826-24309538240a h1:LsXGPnpdsyJRfXzihXWju9gjaRF+ZlG2E/7rwmp0XoM=
github.com/pepeunlimited/microservice-kit v0.0.0-20191212151826-24309538240a/go.mod h1:5kwxFdEY5MxV1nfivUGVpCj/5+hhbuCLZ9psWswm3Zo=
github.com/pepeunlimited/microservice-kit v0.0.0-20191214190321-b3d659f89584 h1:k/X/7HWX+YMm+WX1nfSb9kxuCz9ppsNyYim9P+rzOnM=
github.com/pepeunlimited/microservice-kit v0.0.0-20191214190321-b3d659f89584/go.mod h1:J1oUwmuM7TbNNB1RKRGRQIv/LVSjz9br8D4FMGlb4zo=
github.com/pkg/errors v0.8.1 h1:iURUrRGxPUNPdy5/HRSm+Yj6okJ6UtLINN0Q9M4+h3I=
github.com/pkg/errors v0.8.1/go.mod h1:bwawxfHBFNV+L2hUp1rHADufV3IMtnDRdf1r5NINEl0=
github.com/twitchtv/twirp v5.7.0+incompatible h1:9NU0Pv7g90mqNkfUSSi7rP2EsKDtO9GYKzEiOfAplgA=
github.com/twitchtv/twirp v5.7.0+incompatible/go.mod h1:RRJoFSAmTEh2weEqWtpPE3vFK5YBhA6bqp2l1kfCC5A=
golang.org/x/crypto v0.0.0-20190308221718-c2843e01d9a2/go.mod h1:djNgcEr1/C05ACkg1iLfiJU5Ep61QUkGW8qpdssI0+w=
golang.org/x/crypto v0.0.0-20191206172530-e9b2fee46413/go.mod h1:LzIPMQfyMNhhGPhUkYOs5KpL4U8rLKemX1yGLhDgUto=
golang.org/x/net v0.0.0-20190404232315-eb5bcb51f2a3/go.mod h1:t9HGtf8HONx5eT2rtn7q6eTqICYqUVnKs3thJo3Qplg=
golang.org/x/sys v0.0.0-20190215142949-d0b11bdaac8a/go.mod h1:STP8DvDyc/dI5b8T5hshtkjS+E42TnysNCUPdjciGhY=
golang.org/x/sys v0.0.0-20190412213103-97732733099d/go.mod h1:h1NjWce9XRLGQEsW7wpKNCjG9DtNlClVuFLEZdDNbEs=
golang.org/x/text v0.3.0/go.mod h1:NqM8EUOU14njkJ3fqMW+pc6Ldnwhi/IjpwHt7yyuwOQ=
